// !$*UTF8*$!
{
	archiveVersion = 1;
	classes = {
	};
	objectVersion = 54;
	objects = {

/* Begin PBXBuildFile section */
		265095302B94E5BA00B80FFD /* Tennis Classifier NN3.mlmodel in Sources */ = {isa = PBXBuildFile; fileRef = 2650952F2B94E5B900B80FFD /* Tennis Classifier NN3.mlmodel */; };
		265095362B94E5FB00B80FFD /* Fore_template.csv in Resources */ = {isa = PBXBuildFile; fileRef = 265095312B94E5F900B80FFD /* Fore_template.csv */; };
		265095372B94E5FB00B80FFD /* Back_template.csv in Resources */ = {isa = PBXBuildFile; fileRef = 265095322B94E5FA00B80FFD /* Back_template.csv */; };
		265095382B94E5FB00B80FFD /* BackV_template.csv in Resources */ = {isa = PBXBuildFile; fileRef = 265095332B94E5FA00B80FFD /* BackV_template.csv */; };
		265095392B94E5FB00B80FFD /* ForeV_template.csv in Resources */ = {isa = PBXBuildFile; fileRef = 265095342B94E5FB00B80FFD /* ForeV_template.csv */; };
		2650953A2B94E5FB00B80FFD /* Serve_template.csv in Resources */ = {isa = PBXBuildFile; fileRef = 265095352B94E5FB00B80FFD /* Serve_template.csv */; };
		269293522B9CE11F00F2C5EE /* RF_5_Class.mlmodel in Sources */ = {isa = PBXBuildFile; fileRef = 269293512B9CE11F00F2C5EE /* RF_5_Class.mlmodel */; };
		26D8A04D2B88F29D00EF3AF3 /* HealthKit.framework in Frameworks */ = {isa = PBXBuildFile; fileRef = 5F827A7D201BEA2200633D5A /* HealthKit.framework */; };
		26D8A04F2B88F2E300EF3AF3 /* HealthKit.framework in Frameworks */ = {isa = PBXBuildFile; fileRef = 8F44F546284535B100A74043 /* HealthKit.framework */; };
		26D8A0552B89207300EF3AF3 /* IMG_3077.png in Resources */ = {isa = PBXBuildFile; fileRef = 26D8A0542B89207300EF3AF3 /* IMG_3077.png */; };
		529BCDF51CF394B60099461F /* MotionManager.swift in Sources */ = {isa = PBXBuildFile; fileRef = 529BCDF41CF394B60099461F /* MotionManager.swift */; };
		52A4FC1F1CF59D900039BA23 /* RunningBuffer.swift in Sources */ = {isa = PBXBuildFile; fileRef = 52A4FC1E1CF59D900039BA23 /* RunningBuffer.swift */; };
		52AFB3981CEAD2D800BE33DC /* AppDelegate.swift in Sources */ = {isa = PBXBuildFile; fileRef = 52AFB3971CEAD2D800BE33DC /* AppDelegate.swift */; };
		52AFB39A1CEAD2D800BE33DC /* ViewController.swift in Sources */ = {isa = PBXBuildFile; fileRef = 52AFB3991CEAD2D800BE33DC /* ViewController.swift */; };
		52AFB39D1CEAD2D800BE33DC /* Main.storyboard in Resources */ = {isa = PBXBuildFile; fileRef = 52AFB39B1CEAD2D800BE33DC /* Main.storyboard */; };
		52AFB39F1CEAD2D800BE33DC /* Assets.xcassets in Resources */ = {isa = PBXBuildFile; fileRef = 52AFB39E1CEAD2D800BE33DC /* Assets.xcassets */; };
		52AFB3A21CEAD2D800BE33DC /* LaunchScreen.storyboard in Resources */ = {isa = PBXBuildFile; fileRef = 52AFB3A01CEAD2D800BE33DC /* LaunchScreen.storyboard */; };
		52AFB3B81CEAD2D800BE33DC /* Interface.storyboard in Resources */ = {isa = PBXBuildFile; fileRef = 52AFB3B61CEAD2D800BE33DC /* Interface.storyboard */; };
		52AFB3BA1CEAD2D800BE33DC /* Assets.xcassets in Resources */ = {isa = PBXBuildFile; fileRef = 52AFB3B91CEAD2D800BE33DC /* Assets.xcassets */; };
		52AFB3C81CEAD2D800BE33DC /* InterfaceController.swift in Sources */ = {isa = PBXBuildFile; fileRef = 52AFB3C71CEAD2D800BE33DC /* InterfaceController.swift */; };
		52AFB3CA1CEAD2D800BE33DC /* ExtensionDelegate.swift in Sources */ = {isa = PBXBuildFile; fileRef = 52AFB3C91CEAD2D800BE33DC /* ExtensionDelegate.swift */; };
		52AFB3CE1CEAD2D800BE33DC /* Assets.xcassets in Resources */ = {isa = PBXBuildFile; fileRef = 52AFB3CD1CEAD2D800BE33DC /* Assets.xcassets */; };
		52AFB3E11CEAD5BE00BE33DC /* WorkoutManager.swift in Sources */ = {isa = PBXBuildFile; fileRef = 52AFB3E01CEAD5BE00BE33DC /* WorkoutManager.swift */; };
		52D5E3C31CF414E1001660B4 /* MotionTrackingWatchKitExtension.entitlements in Resources */ = {isa = PBXBuildFile; fileRef = 52D5E3C21CF414E1001660B4 /* MotionTrackingWatchKitExtension.entitlements */; };
		8A7EAEC101B8E5F2051815B4 /* Pods_SwingWatch.framework in Frameworks */ = {isa = PBXBuildFile; fileRef = 430764FB277439E30F8F20A8 /* Pods_SwingWatch.framework */; };
		8F3968F8281C4AB9002637E6 /* SwingWatch WatchKit App.app in Embed Watch Content */ = {isa = PBXBuildFile; fileRef = 52AFB3B11CEAD2D800BE33DC /* SwingWatch WatchKit App.app */; settings = {ATTRIBUTES = (RemoveHeadersOnCopy, ); }; };
		8F41C5972848029200950109 /* Template_Drive.csv in Resources */ = {isa = PBXBuildFile; fileRef = 8F41C5962848029200950109 /* Template_Drive.csv */; };
		8F41C5992848140C00950109 /* Template_Defensive.csv in Resources */ = {isa = PBXBuildFile; fileRef = 8F41C5982848140C00950109 /* Template_Defensive.csv */; };
		8F41C59B2848142300950109 /* Template_Cut.csv in Resources */ = {isa = PBXBuildFile; fileRef = 8F41C59A2848142300950109 /* Template_Cut.csv */; };
		8F41C59D2848143300950109 /* Template_Pull.csv in Resources */ = {isa = PBXBuildFile; fileRef = 8F41C59C2848143300950109 /* Template_Pull.csv */; };
		8F41C59F2848143C00950109 /* Template_Sweep.csv in Resources */ = {isa = PBXBuildFile; fileRef = 8F41C59E2848143C00950109 /* Template_Sweep.csv */; };
		8F44F53C283FA05B00A74043 /* ShotClassifier.mlpackage in Sources */ = {isa = PBXBuildFile; fileRef = 8F44F53B283F9FCD00A74043 /* ShotClassifier.mlpackage */; };
		8F44F53E2840F9C300A74043 /* FYP 1.mlmodel in Sources */ = {isa = PBXBuildFile; fileRef = 8F44F53D2840F9C300A74043 /* FYP 1.mlmodel */; };
		8F44F54028437B9100A74043 /* TableShowViewController.swift in Sources */ = {isa = PBXBuildFile; fileRef = 8F44F53F28437B9100A74043 /* TableShowViewController.swift */; };
		8F44F5422843DBEB00A74043 /* HistoryTableViewController.swift in Sources */ = {isa = PBXBuildFile; fileRef = 8F44F5412843DBEB00A74043 /* HistoryTableViewController.swift */; };
		8F44F5442843DC0000A74043 /* HistoryViewController.swift in Sources */ = {isa = PBXBuildFile; fileRef = 8F44F5432843DC0000A74043 /* HistoryViewController.swift */; };
		8FBEA506280F08BF008832F5 /* ViewController_Stats.swift in Sources */ = {isa = PBXBuildFile; fileRef = 8FBEA505280F08BF008832F5 /* ViewController_Stats.swift */; };
		8FBEA50A280F62B2008832F5 /* TableViewController.swift in Sources */ = {isa = PBXBuildFile; fileRef = 8FBEA509280F62B2008832F5 /* TableViewController.swift */; };
/* End PBXBuildFile section */

/* Begin PBXContainerItemProxy section */
		52AFB3B31CEAD2D800BE33DC /* PBXContainerItemProxy */ = {
			isa = PBXContainerItemProxy;
			containerPortal = 52AFB38C1CEAD2D800BE33DC /* Project object */;
			proxyType = 1;
			remoteGlobalIDString = 52AFB3B01CEAD2D800BE33DC;
			remoteInfo = "SwingWatch WatchKit App";
		};
/* End PBXContainerItemProxy section */

/* Begin PBXCopyFilesBuildPhase section */
		52AFB3D91CEAD2D800BE33DC /* Embed Watch Content */ = {
			isa = PBXCopyFilesBuildPhase;
			buildActionMask = 2147483647;
			dstPath = "$(CONTENTS_FOLDER_PATH)/Watch";
			dstSubfolderSpec = 16;
			files = (
				8F3968F8281C4AB9002637E6 /* SwingWatch WatchKit App.app in Embed Watch Content */,
			);
			name = "Embed Watch Content";
			runOnlyForDeploymentPostprocessing = 0;
		};
/* End PBXCopyFilesBuildPhase section */

/* Begin PBXFileReference section */
		183D6F776FC4B392D1AA90A9 /* Pods-SwingWatch.debug.xcconfig */ = {isa = PBXFileReference; includeInIndex = 1; lastKnownFileType = text.xcconfig; name = "Pods-SwingWatch.debug.xcconfig"; path = "Target Support Files/Pods-SwingWatch/Pods-SwingWatch.debug.xcconfig"; sourceTree = "<group>"; };
		2650952F2B94E5B900B80FFD /* Tennis Classifier NN3.mlmodel */ = {isa = PBXFileReference; lastKnownFileType = file.mlmodel; name = "Tennis Classifier NN3.mlmodel"; path = "ML MOdels/Tennis Classifier NN3.mlmodel"; sourceTree = SOURCE_ROOT; };
		265095312B94E5F900B80FFD /* Fore_template.csv */ = {isa = PBXFileReference; fileEncoding = 4; lastKnownFileType = text; path = Fore_template.csv; sourceTree = "<group>"; };
		265095322B94E5FA00B80FFD /* Back_template.csv */ = {isa = PBXFileReference; fileEncoding = 4; lastKnownFileType = text; path = Back_template.csv; sourceTree = "<group>"; };
		265095332B94E5FA00B80FFD /* BackV_template.csv */ = {isa = PBXFileReference; fileEncoding = 4; lastKnownFileType = text; path = BackV_template.csv; sourceTree = "<group>"; };
		265095342B94E5FB00B80FFD /* ForeV_template.csv */ = {isa = PBXFileReference; fileEncoding = 4; lastKnownFileType = text; path = ForeV_template.csv; sourceTree = "<group>"; };
		265095352B94E5FB00B80FFD /* Serve_template.csv */ = {isa = PBXFileReference; fileEncoding = 4; lastKnownFileType = text; path = Serve_template.csv; sourceTree = "<group>"; };
		269293512B9CE11F00F2C5EE /* RF_5_Class.mlmodel */ = {isa = PBXFileReference; lastKnownFileType = file.mlmodel; path = RF_5_Class.mlmodel; sourceTree = "<group>"; };
		26D8A0542B89207300EF3AF3 /* IMG_3077.png */ = {isa = PBXFileReference; lastKnownFileType = image.png; name = IMG_3077.png; path = Assets.xcassets/IMG_3077.png; sourceTree = "<group>"; };
		430764FB277439E30F8F20A8 /* Pods_SwingWatch.framework */ = {isa = PBXFileReference; explicitFileType = wrapper.framework; includeInIndex = 0; path = Pods_SwingWatch.framework; sourceTree = BUILT_PRODUCTS_DIR; };
		522824351CF681410019A236 /* README.md */ = {isa = PBXFileReference; fileEncoding = 4; lastKnownFileType = net.daringfireball.markdown; path = README.md; sourceTree = "<group>"; };
		529BCDF41CF394B60099461F /* MotionManager.swift */ = {isa = PBXFileReference; fileEncoding = 4; lastKnownFileType = sourcecode.swift; path = MotionManager.swift; sourceTree = "<group>"; };
		52A4FC1E1CF59D900039BA23 /* RunningBuffer.swift */ = {isa = PBXFileReference; fileEncoding = 4; lastKnownFileType = sourcecode.swift; path = RunningBuffer.swift; sourceTree = "<group>"; };
		52A8D69D1CF52A2400522498 /* MotionTrackingExtension.entitlements */ = {isa = PBXFileReference; fileEncoding = 4; lastKnownFileType = text.plist.entitlements; path = MotionTrackingExtension.entitlements; sourceTree = "<group>"; };
		52AFB3941CEAD2D800BE33DC /* SwingWatch.app */ = {isa = PBXFileReference; explicitFileType = wrapper.application; includeInIndex = 0; path = SwingWatch.app; sourceTree = BUILT_PRODUCTS_DIR; };
		52AFB3971CEAD2D800BE33DC /* AppDelegate.swift */ = {isa = PBXFileReference; lastKnownFileType = sourcecode.swift; path = AppDelegate.swift; sourceTree = "<group>"; };
		52AFB3991CEAD2D800BE33DC /* ViewController.swift */ = {isa = PBXFileReference; lastKnownFileType = sourcecode.swift; path = ViewController.swift; sourceTree = "<group>"; };
		52AFB39C1CEAD2D800BE33DC /* Base */ = {isa = PBXFileReference; lastKnownFileType = file.storyboard; name = Base; path = Base.lproj/Main.storyboard; sourceTree = "<group>"; };
		52AFB39E1CEAD2D800BE33DC /* Assets.xcassets */ = {isa = PBXFileReference; lastKnownFileType = folder.assetcatalog; path = Assets.xcassets; sourceTree = "<group>"; };
		52AFB3A11CEAD2D800BE33DC /* Base */ = {isa = PBXFileReference; lastKnownFileType = file.storyboard; name = Base; path = Base.lproj/LaunchScreen.storyboard; sourceTree = "<group>"; };
		52AFB3A31CEAD2D800BE33DC /* Info.plist */ = {isa = PBXFileReference; lastKnownFileType = text.plist.xml; path = Info.plist; sourceTree = "<group>"; };
		52AFB3B11CEAD2D800BE33DC /* SwingWatch WatchKit App.app */ = {isa = PBXFileReference; explicitFileType = wrapper.application; includeInIndex = 0; path = "SwingWatch WatchKit App.app"; sourceTree = BUILT_PRODUCTS_DIR; };
		52AFB3B71CEAD2D800BE33DC /* Base */ = {isa = PBXFileReference; lastKnownFileType = file.storyboard; name = Base; path = Base.lproj/Interface.storyboard; sourceTree = "<group>"; };
		52AFB3B91CEAD2D800BE33DC /* Assets.xcassets */ = {isa = PBXFileReference; lastKnownFileType = folder.assetcatalog; path = Assets.xcassets; sourceTree = "<group>"; };
		52AFB3BB1CEAD2D800BE33DC /* Info.plist */ = {isa = PBXFileReference; lastKnownFileType = text.plist.xml; path = Info.plist; sourceTree = "<group>"; };
		52AFB3C71CEAD2D800BE33DC /* InterfaceController.swift */ = {isa = PBXFileReference; lastKnownFileType = sourcecode.swift; path = InterfaceController.swift; sourceTree = "<group>"; };
		52AFB3C91CEAD2D800BE33DC /* ExtensionDelegate.swift */ = {isa = PBXFileReference; lastKnownFileType = sourcecode.swift; path = ExtensionDelegate.swift; sourceTree = "<group>"; };
		52AFB3CD1CEAD2D800BE33DC /* Assets.xcassets */ = {isa = PBXFileReference; lastKnownFileType = folder.assetcatalog; path = Assets.xcassets; sourceTree = "<group>"; };
		52AFB3CF1CEAD2D800BE33DC /* Info.plist */ = {isa = PBXFileReference; lastKnownFileType = text.plist.xml; path = Info.plist; sourceTree = "<group>"; };
		52AFB3E01CEAD5BE00BE33DC /* WorkoutManager.swift */ = {isa = PBXFileReference; fileEncoding = 4; lastKnownFileType = sourcecode.swift; path = WorkoutManager.swift; sourceTree = "<group>"; };
		52D5E3C21CF414E1001660B4 /* MotionTrackingWatchKitExtension.entitlements */ = {isa = PBXFileReference; fileEncoding = 4; lastKnownFileType = text.plist.entitlements; path = MotionTrackingWatchKitExtension.entitlements; sourceTree = "<group>"; };
		5F827A7B201BEA0800633D5A /* MotionTracking WatchKit App.entitlements */ = {isa = PBXFileReference; lastKnownFileType = text.plist.entitlements; path = "MotionTracking WatchKit App.entitlements"; sourceTree = "<group>"; };
		5F827A7D201BEA2200633D5A /* HealthKit.framework */ = {isa = PBXFileReference; lastKnownFileType = wrapper.framework; name = HealthKit.framework; path = System/Library/Frameworks/HealthKit.framework; sourceTree = SDKROOT; };
		728C85223819BC0117F16727 /* Pods-SwingWatch.release.xcconfig */ = {isa = PBXFileReference; includeInIndex = 1; lastKnownFileType = text.xcconfig; name = "Pods-SwingWatch.release.xcconfig"; path = "Target Support Files/Pods-SwingWatch/Pods-SwingWatch.release.xcconfig"; sourceTree = "<group>"; };
		8F41C5962848029200950109 /* Template_Drive.csv */ = {isa = PBXFileReference; fileEncoding = 4; lastKnownFileType = text; path = Template_Drive.csv; sourceTree = "<group>"; };
		8F41C5982848140C00950109 /* Template_Defensive.csv */ = {isa = PBXFileReference; fileEncoding = 4; lastKnownFileType = text; path = Template_Defensive.csv; sourceTree = "<group>"; };
		8F41C59A2848142300950109 /* Template_Cut.csv */ = {isa = PBXFileReference; fileEncoding = 4; lastKnownFileType = text; path = Template_Cut.csv; sourceTree = "<group>"; };
		8F41C59C2848143300950109 /* Template_Pull.csv */ = {isa = PBXFileReference; fileEncoding = 4; lastKnownFileType = text; path = Template_Pull.csv; sourceTree = "<group>"; };
		8F41C59E2848143C00950109 /* Template_Sweep.csv */ = {isa = PBXFileReference; fileEncoding = 4; lastKnownFileType = text; path = Template_Sweep.csv; sourceTree = "<group>"; };
		8F44F53B283F9FCD00A74043 /* ShotClassifier.mlpackage */ = {isa = PBXFileReference; lastKnownFileType = folder.mlpackage; path = ShotClassifier.mlpackage; sourceTree = "<group>"; };
		8F44F53D2840F9C300A74043 /* FYP 1.mlmodel */ = {isa = PBXFileReference; lastKnownFileType = file.mlmodel; path = "FYP 1.mlmodel"; sourceTree = "<group>"; };
		8F44F53F28437B9100A74043 /* TableShowViewController.swift */ = {isa = PBXFileReference; lastKnownFileType = sourcecode.swift; path = TableShowViewController.swift; sourceTree = "<group>"; };
		8F44F5412843DBEB00A74043 /* HistoryTableViewController.swift */ = {isa = PBXFileReference; lastKnownFileType = sourcecode.swift; path = HistoryTableViewController.swift; sourceTree = "<group>"; };
		8F44F5432843DC0000A74043 /* HistoryViewController.swift */ = {isa = PBXFileReference; lastKnownFileType = sourcecode.swift; path = HistoryViewController.swift; sourceTree = "<group>"; };
		8F44F545284535B100A74043 /* SwingWatch WatchKit Extension.entitlements */ = {isa = PBXFileReference; lastKnownFileType = text.plist.entitlements; path = "SwingWatch WatchKit Extension.entitlements"; sourceTree = "<group>"; };
		8F44F546284535B100A74043 /* HealthKit.framework */ = {isa = PBXFileReference; lastKnownFileType = wrapper.framework; name = HealthKit.framework; path = Platforms/WatchOS.platform/Developer/SDKs/WatchOS8.3.sdk/System/Library/Frameworks/HealthKit.framework; sourceTree = DEVELOPER_DIR; };
		8F44F54828453BA900A74043 /* SwingWatch WatchKit Extension.entitlements */ = {isa = PBXFileReference; lastKnownFileType = text.plist.entitlements; path = "SwingWatch WatchKit Extension.entitlements"; sourceTree = "<group>"; };
		8FBEA505280F08BF008832F5 /* ViewController_Stats.swift */ = {isa = PBXFileReference; lastKnownFileType = sourcecode.swift; path = ViewController_Stats.swift; sourceTree = "<group>"; };
		8FBEA509280F62B2008832F5 /* TableViewController.swift */ = {isa = PBXFileReference; lastKnownFileType = sourcecode.swift; path = TableViewController.swift; sourceTree = "<group>"; };
/* End PBXFileReference section */

/* Begin PBXFrameworksBuildPhase section */
		0DE1ECBBADFE7E1709869FCE /* Frameworks */ = {
			isa = PBXFrameworksBuildPhase;
			buildActionMask = 2147483647;
			files = (
				26D8A04F2B88F2E300EF3AF3 /* HealthKit.framework in Frameworks */,
			);
			runOnlyForDeploymentPostprocessing = 0;
		};
		52AFB3911CEAD2D800BE33DC /* Frameworks */ = {
			isa = PBXFrameworksBuildPhase;
			buildActionMask = 2147483647;
			files = (
				26D8A04D2B88F29D00EF3AF3 /* HealthKit.framework in Frameworks */,
				8A7EAEC101B8E5F2051815B4 /* Pods_SwingWatch.framework in Frameworks */,
			);
			runOnlyForDeploymentPostprocessing = 0;
		};
/* End PBXFrameworksBuildPhase section */

/* Begin PBXGroup section */
		52AFB38B1CEAD2D800BE33DC = {
			isa = PBXGroup;
			children = (
				8F44F54828453BA900A74043 /* SwingWatch WatchKit Extension.entitlements */,
				522824351CF681410019A236 /* README.md */,
				52AFB3961CEAD2D800BE33DC /* MotionTracking */,
				52AFB3B51CEAD2D800BE33DC /* MotionTracking WatchKit App */,
				52AFB3C41CEAD2D800BE33DC /* MotionTracking WatchKit Extension */,
				52AFB3951CEAD2D800BE33DC /* Products */,
				5F827A7C201BEA2200633D5A /* Frameworks */,
				FFA39B34521041346D78F7CF /* Pods */,
			);
			sourceTree = "<group>";
		};
		52AFB3951CEAD2D800BE33DC /* Products */ = {
			isa = PBXGroup;
			children = (
				52AFB3941CEAD2D800BE33DC /* SwingWatch.app */,
				52AFB3B11CEAD2D800BE33DC /* SwingWatch WatchKit App.app */,
			);
			name = Products;
			sourceTree = "<group>";
		};
		52AFB3961CEAD2D800BE33DC /* MotionTracking */ = {
			isa = PBXGroup;
			children = (
				269293512B9CE11F00F2C5EE /* RF_5_Class.mlmodel */,
				265095322B94E5FA00B80FFD /* Back_template.csv */,
				265095332B94E5FA00B80FFD /* BackV_template.csv */,
				265095312B94E5F900B80FFD /* Fore_template.csv */,
				265095342B94E5FB00B80FFD /* ForeV_template.csv */,
				265095352B94E5FB00B80FFD /* Serve_template.csv */,
				2650952F2B94E5B900B80FFD /* Tennis Classifier NN3.mlmodel */,
				52AFB3971CEAD2D800BE33DC /* AppDelegate.swift */,
				52AFB3991CEAD2D800BE33DC /* ViewController.swift */,
				8F41C5982848140C00950109 /* Template_Defensive.csv */,
				8F41C5962848029200950109 /* Template_Drive.csv */,
				8F41C59A2848142300950109 /* Template_Cut.csv */,
				8F41C59C2848143300950109 /* Template_Pull.csv */,
				8F41C59E2848143C00950109 /* Template_Sweep.csv */,
				8FBEA505280F08BF008832F5 /* ViewController_Stats.swift */,
				52AFB39B1CEAD2D800BE33DC /* Main.storyboard */,
				8F44F5412843DBEB00A74043 /* HistoryTableViewController.swift */,
				8F44F5432843DC0000A74043 /* HistoryViewController.swift */,
				8F44F53F28437B9100A74043 /* TableShowViewController.swift */,
				8FBEA509280F62B2008832F5 /* TableViewController.swift */,
				52AFB39E1CEAD2D800BE33DC /* Assets.xcassets */,
				26D8A0542B89207300EF3AF3 /* IMG_3077.png */,
				52AFB3A01CEAD2D800BE33DC /* LaunchScreen.storyboard */,
				52AFB3A31CEAD2D800BE33DC /* Info.plist */,
				8F44F53B283F9FCD00A74043 /* ShotClassifier.mlpackage */,
				8F44F53D2840F9C300A74043 /* FYP 1.mlmodel */,
				52A8D69D1CF52A2400522498 /* MotionTrackingExtension.entitlements */,
			);
			path = MotionTracking;
			sourceTree = "<group>";
		};
		52AFB3B51CEAD2D800BE33DC /* MotionTracking WatchKit App */ = {
			isa = PBXGroup;
			children = (
				5F827A7B201BEA0800633D5A /* MotionTracking WatchKit App.entitlements */,
				52AFB3B61CEAD2D800BE33DC /* Interface.storyboard */,
				52AFB3B91CEAD2D800BE33DC /* Assets.xcassets */,
				52AFB3BB1CEAD2D800BE33DC /* Info.plist */,
			);
			path = "MotionTracking WatchKit App";
			sourceTree = "<group>";
		};
		52AFB3C41CEAD2D800BE33DC /* MotionTracking WatchKit Extension */ = {
			isa = PBXGroup;
			children = (
				52D5E3C21CF414E1001660B4 /* MotionTrackingWatchKitExtension.entitlements */,
				8F44F545284535B100A74043 /* SwingWatch WatchKit Extension.entitlements */,
				52AFB3C71CEAD2D800BE33DC /* InterfaceController.swift */,
				52AFB3E01CEAD5BE00BE33DC /* WorkoutManager.swift */,
				529BCDF41CF394B60099461F /* MotionManager.swift */,
				52A4FC1E1CF59D900039BA23 /* RunningBuffer.swift */,
				52AFB3C91CEAD2D800BE33DC /* ExtensionDelegate.swift */,
				52AFB3CD1CEAD2D800BE33DC /* Assets.xcassets */,
				52AFB3CF1CEAD2D800BE33DC /* Info.plist */,
			);
			path = "MotionTracking WatchKit Extension";
			sourceTree = "<group>";
		};
		5F827A7C201BEA2200633D5A /* Frameworks */ = {
			isa = PBXGroup;
			children = (
				8F44F546284535B100A74043 /* HealthKit.framework */,
				5F827A7D201BEA2200633D5A /* HealthKit.framework */,
				430764FB277439E30F8F20A8 /* Pods_SwingWatch.framework */,
			);
			name = Frameworks;
			sourceTree = "<group>";
		};
		FFA39B34521041346D78F7CF /* Pods */ = {
			isa = PBXGroup;
			children = (
				183D6F776FC4B392D1AA90A9 /* Pods-SwingWatch.debug.xcconfig */,
				728C85223819BC0117F16727 /* Pods-SwingWatch.release.xcconfig */,
			);
			path = Pods;
			sourceTree = "<group>";
		};
/* End PBXGroup section */

/* Begin PBXNativeTarget section */
		52AFB3931CEAD2D800BE33DC /* SwingWatch */ = {
			isa = PBXNativeTarget;
			buildConfigurationList = 52AFB3DA1CEAD2D800BE33DC /* Build configuration list for PBXNativeTarget "SwingWatch" */;
			buildPhases = (
				B043169F17F56B3B37ACC4F5 /* [CP] Check Pods Manifest.lock */,
				52AFB3901CEAD2D800BE33DC /* Sources */,
				52AFB3911CEAD2D800BE33DC /* Frameworks */,
				52AFB3921CEAD2D800BE33DC /* Resources */,
				52AFB3D91CEAD2D800BE33DC /* Embed Watch Content */,
				94CAF29C3690EE623644A491 /* [CP] Embed Pods Frameworks */,
			);
			buildRules = (
			);
			dependencies = (
				52AFB3B41CEAD2D800BE33DC /* PBXTargetDependency */,
			);
			name = SwingWatch;
			productName = SwingWatch;
			productReference = 52AFB3941CEAD2D800BE33DC /* SwingWatch.app */;
			productType = "com.apple.product-type.application";
		};
		52AFB3B01CEAD2D800BE33DC /* SwingWatch WatchKit App */ = {
			isa = PBXNativeTarget;
			buildConfigurationList = 52AFB3D61CEAD2D800BE33DC /* Build configuration list for PBXNativeTarget "SwingWatch WatchKit App" */;
			buildPhases = (
				52AFB3AF1CEAD2D800BE33DC /* Resources */,
				0DE1ECBBADFE7E1709869FCE /* Frameworks */,
				52AFB3BC1CEAD2D800BE33DC /* Sources */,
			);
			buildRules = (
			);
			dependencies = (
			);
			name = "SwingWatch WatchKit App";
			productName = "SwingWatch WatchKit App";
			productReference = 52AFB3B11CEAD2D800BE33DC /* SwingWatch WatchKit App.app */;
			productType = "com.apple.product-type.application";
		};
/* End PBXNativeTarget section */

/* Begin PBXProject section */
		52AFB38C1CEAD2D800BE33DC /* Project object */ = {
			isa = PBXProject;
			attributes = {
				BuildIndependentTargetsInParallel = YES;
				LastSwiftUpdateCheck = 0800;
				LastUpgradeCheck = 1520;
				ORGANIZATIONNAME = "Apple Inc.";
				TargetAttributes = {
					52AFB3931CEAD2D800BE33DC = {
						CreatedOnToolsVersion = 8.0;
						DevelopmentTeam = F6LUT97DH4;
						LastSwiftMigration = 0800;
						ProvisioningStyle = Automatic;
					};
					52AFB3B01CEAD2D800BE33DC = {
						CreatedOnToolsVersion = 8.0;
						ProvisioningStyle = Automatic;
						SystemCapabilities = {
							com.apple.ApplicationGroups.iOS = {
								enabled = 1;
							};
						};
					};
				};
			};
			buildConfigurationList = 52AFB38F1CEAD2D800BE33DC /* Build configuration list for PBXProject "MotionTracking" */;
			compatibilityVersion = "Xcode 3.2";
			developmentRegion = en;
			hasScannedForEncodings = 0;
			knownRegions = (
				en,
				Base,
			);
			mainGroup = 52AFB38B1CEAD2D800BE33DC;
			productRefGroup = 52AFB3951CEAD2D800BE33DC /* Products */;
			projectDirPath = "";
			projectRoot = "";
			targets = (
				52AFB3931CEAD2D800BE33DC /* SwingWatch */,
				52AFB3B01CEAD2D800BE33DC /* SwingWatch WatchKit App */,
			);
		};
/* End PBXProject section */

/* Begin PBXResourcesBuildPhase section */
		52AFB3921CEAD2D800BE33DC /* Resources */ = {
			isa = PBXResourcesBuildPhase;
			buildActionMask = 2147483647;
			files = (
				52AFB3A21CEAD2D800BE33DC /* LaunchScreen.storyboard in Resources */,
				265095372B94E5FB00B80FFD /* Back_template.csv in Resources */,
				8F41C59B2848142300950109 /* Template_Cut.csv in Resources */,
				2650953A2B94E5FB00B80FFD /* Serve_template.csv in Resources */,
				8F41C5992848140C00950109 /* Template_Defensive.csv in Resources */,
				8F41C59F2848143C00950109 /* Template_Sweep.csv in Resources */,
				8F41C5972848029200950109 /* Template_Drive.csv in Resources */,
				52AFB39F1CEAD2D800BE33DC /* Assets.xcassets in Resources */,
				265095362B94E5FB00B80FFD /* Fore_template.csv in Resources */,
				52AFB39D1CEAD2D800BE33DC /* Main.storyboard in Resources */,
				265095392B94E5FB00B80FFD /* ForeV_template.csv in Resources */,
				8F41C59D2848143300950109 /* Template_Pull.csv in Resources */,
				265095382B94E5FB00B80FFD /* BackV_template.csv in Resources */,
			);
			runOnlyForDeploymentPostprocessing = 0;
		};
		52AFB3AF1CEAD2D800BE33DC /* Resources */ = {
			isa = PBXResourcesBuildPhase;
			buildActionMask = 2147483647;
			files = (
				26D8A0552B89207300EF3AF3 /* IMG_3077.png in Resources */,
				52AFB3BA1CEAD2D800BE33DC /* Assets.xcassets in Resources */,
				52AFB3CE1CEAD2D800BE33DC /* Assets.xcassets in Resources */,
				52AFB3B81CEAD2D800BE33DC /* Interface.storyboard in Resources */,
				52D5E3C31CF414E1001660B4 /* MotionTrackingWatchKitExtension.entitlements in Resources */,
			);
			runOnlyForDeploymentPostprocessing = 0;
		};
/* End PBXResourcesBuildPhase section */

/* Begin PBXShellScriptBuildPhase section */
		94CAF29C3690EE623644A491 /* [CP] Embed Pods Frameworks */ = {
			isa = PBXShellScriptBuildPhase;
			buildActionMask = 2147483647;
			files = (
			);
			inputPaths = (
				"${PODS_ROOT}/Target Support Files/Pods-SwingWatch/Pods-SwingWatch-frameworks.sh",
				"${BUILT_PRODUCTS_DIR}/DGCharts/DGCharts.framework",
			);
			name = "[CP] Embed Pods Frameworks";
			outputPaths = (
				"${TARGET_BUILD_DIR}/${FRAMEWORKS_FOLDER_PATH}/DGCharts.framework",
			);
			runOnlyForDeploymentPostprocessing = 0;
			shellPath = /bin/sh;
			shellScript = "\"${PODS_ROOT}/Target Support Files/Pods-SwingWatch/Pods-SwingWatch-frameworks.sh\"\n";
			showEnvVarsInLog = 0;
		};
		B043169F17F56B3B37ACC4F5 /* [CP] Check Pods Manifest.lock */ = {
			isa = PBXShellScriptBuildPhase;
			buildActionMask = 2147483647;
			files = (
			);
			inputFileListPaths = (
			);
			inputPaths = (
				"${PODS_PODFILE_DIR_PATH}/Podfile.lock",
				"${PODS_ROOT}/Manifest.lock",
			);
			name = "[CP] Check Pods Manifest.lock";
			outputFileListPaths = (
			);
			outputPaths = (
				"$(DERIVED_FILE_DIR)/Pods-SwingWatch-checkManifestLockResult.txt",
			);
			runOnlyForDeploymentPostprocessing = 0;
			shellPath = /bin/sh;
			shellScript = "diff \"${PODS_PODFILE_DIR_PATH}/Podfile.lock\" \"${PODS_ROOT}/Manifest.lock\" > /dev/null\nif [ $? != 0 ] ; then\n    # print error to STDERR\n    echo \"error: The sandbox is not in sync with the Podfile.lock. Run 'pod install' or update your CocoaPods installation.\" >&2\n    exit 1\nfi\n# This output is used by Xcode 'outputs' to avoid re-running this script phase.\necho \"SUCCESS\" > \"${SCRIPT_OUTPUT_FILE_0}\"\n";
			showEnvVarsInLog = 0;
		};
/* End PBXShellScriptBuildPhase section */

/* Begin PBXSourcesBuildPhase section */
		52AFB3901CEAD2D800BE33DC /* Sources */ = {
			isa = PBXSourcesBuildPhase;
			buildActionMask = 2147483647;
			files = (
				269293522B9CE11F00F2C5EE /* RF_5_Class.mlmodel in Sources */,
				8F44F5422843DBEB00A74043 /* HistoryTableViewController.swift in Sources */,
				8F44F53C283FA05B00A74043 /* ShotClassifier.mlpackage in Sources */,
				8F44F54028437B9100A74043 /* TableShowViewController.swift in Sources */,
				52AFB39A1CEAD2D800BE33DC /* ViewController.swift in Sources */,
				52AFB3981CEAD2D800BE33DC /* AppDelegate.swift in Sources */,
				8F44F53E2840F9C300A74043 /* FYP 1.mlmodel in Sources */,
				8F44F5442843DC0000A74043 /* HistoryViewController.swift in Sources */,
				8FBEA506280F08BF008832F5 /* ViewController_Stats.swift in Sources */,
				265095302B94E5BA00B80FFD /* Tennis Classifier NN3.mlmodel in Sources */,
				8FBEA50A280F62B2008832F5 /* TableViewController.swift in Sources */,
			);
			runOnlyForDeploymentPostprocessing = 0;
		};
		52AFB3BC1CEAD2D800BE33DC /* Sources */ = {
			isa = PBXSourcesBuildPhase;
			buildActionMask = 2147483647;
			files = (
				52A4FC1F1CF59D900039BA23 /* RunningBuffer.swift in Sources */,
				529BCDF51CF394B60099461F /* MotionManager.swift in Sources */,
				52AFB3E11CEAD5BE00BE33DC /* WorkoutManager.swift in Sources */,
				52AFB3CA1CEAD2D800BE33DC /* ExtensionDelegate.swift in Sources */,
				52AFB3C81CEAD2D800BE33DC /* InterfaceController.swift in Sources */,
			);
			runOnlyForDeploymentPostprocessing = 0;
		};
/* End PBXSourcesBuildPhase section */

/* Begin PBXTargetDependency section */
		52AFB3B41CEAD2D800BE33DC /* PBXTargetDependency */ = {
			isa = PBXTargetDependency;
			target = 52AFB3B01CEAD2D800BE33DC /* SwingWatch WatchKit App */;
			targetProxy = 52AFB3B31CEAD2D800BE33DC /* PBXContainerItemProxy */;
		};
/* End PBXTargetDependency section */

/* Begin PBXVariantGroup section */
		52AFB39B1CEAD2D800BE33DC /* Main.storyboard */ = {
			isa = PBXVariantGroup;
			children = (
				52AFB39C1CEAD2D800BE33DC /* Base */,
			);
			name = Main.storyboard;
			sourceTree = "<group>";
		};
		52AFB3A01CEAD2D800BE33DC /* LaunchScreen.storyboard */ = {
			isa = PBXVariantGroup;
			children = (
				52AFB3A11CEAD2D800BE33DC /* Base */,
			);
			name = LaunchScreen.storyboard;
			sourceTree = "<group>";
		};
		52AFB3B61CEAD2D800BE33DC /* Interface.storyboard */ = {
			isa = PBXVariantGroup;
			children = (
				52AFB3B71CEAD2D800BE33DC /* Base */,
			);
			name = Interface.storyboard;
			sourceTree = "<group>";
		};
/* End PBXVariantGroup section */

/* Begin XCBuildConfiguration section */
		52AFB3D01CEAD2D800BE33DC /* Debug */ = {
			isa = XCBuildConfiguration;
			buildSettings = {
				ALWAYS_SEARCH_USER_PATHS = NO;
				ASSETCATALOG_COMPRESSION = lossless;
				CLANG_ANALYZER_LOCALIZABILITY_NONLOCALIZED = YES;
				CLANG_ANALYZER_NONNULL = YES;
				CLANG_CXX_LANGUAGE_STANDARD = "gnu++0x";
				CLANG_CXX_LIBRARY = "libc++";
				CLANG_ENABLE_MODULES = YES;
				CLANG_ENABLE_OBJC_ARC = YES;
				CLANG_WARN_BLOCK_CAPTURE_AUTORELEASING = YES;
				CLANG_WARN_BOOL_CONVERSION = YES;
				CLANG_WARN_COMMA = YES;
				CLANG_WARN_CONSTANT_CONVERSION = YES;
				CLANG_WARN_DEPRECATED_OBJC_IMPLEMENTATIONS = YES;
				CLANG_WARN_DIRECT_OBJC_ISA_USAGE = YES_ERROR;
				CLANG_WARN_EMPTY_BODY = YES;
				CLANG_WARN_ENUM_CONVERSION = YES;
				CLANG_WARN_INFINITE_RECURSION = YES;
				CLANG_WARN_INT_CONVERSION = YES;
				CLANG_WARN_NON_LITERAL_NULL_CONVERSION = YES;
				CLANG_WARN_OBJC_IMPLICIT_RETAIN_SELF = YES;
				CLANG_WARN_OBJC_LITERAL_CONVERSION = YES;
				CLANG_WARN_OBJC_ROOT_CLASS = YES_ERROR;
				CLANG_WARN_QUOTED_INCLUDE_IN_FRAMEWORK_HEADER = YES;
				CLANG_WARN_RANGE_LOOP_ANALYSIS = YES;
				CLANG_WARN_STRICT_PROTOTYPES = YES;
				CLANG_WARN_SUSPICIOUS_MOVE = YES;
				CLANG_WARN_UNREACHABLE_CODE = YES;
				CLANG_WARN__DUPLICATE_METHOD_MATCH = YES;
				CODE_SIGN_IDENTITY = "iPhone Developer";
				COPY_PHASE_STRIP = NO;
				DEBUG_INFORMATION_FORMAT = dwarf;
				ENABLE_STRICT_OBJC_MSGSEND = YES;
				ENABLE_TESTABILITY = YES;
				ENABLE_USER_SCRIPT_SANDBOXING = NO;
				GCC_C_LANGUAGE_STANDARD = gnu99;
				GCC_DYNAMIC_NO_PIC = NO;
				GCC_NO_COMMON_BLOCKS = YES;
				GCC_OPTIMIZATION_LEVEL = 0;
				GCC_PREPROCESSOR_DEFINITIONS = (
					"DEBUG=1",
					"$(inherited)",
				);
				GCC_WARN_64_TO_32_BIT_CONVERSION = YES;
				GCC_WARN_ABOUT_RETURN_TYPE = YES_ERROR;
				GCC_WARN_UNDECLARED_SELECTOR = YES;
				GCC_WARN_UNINITIALIZED_AUTOS = YES_AGGRESSIVE;
				GCC_WARN_UNUSED_FUNCTION = YES;
				GCC_WARN_UNUSED_VARIABLE = YES;
				IPHONEOS_DEPLOYMENT_TARGET = 15.5;
				MTL_ENABLE_DEBUG_INFO = YES;
				ONLY_ACTIVE_ARCH = YES;
				SDKROOT = iphoneos;
				SWIFT_ACTIVE_COMPILATION_CONDITIONS = DEBUG;
				SWIFT_OPTIMIZATION_LEVEL = "-Onone";
				TARGETED_DEVICE_FAMILY = "1,2,4";
			};
			name = Debug;
		};
		52AFB3D11CEAD2D800BE33DC /* Release */ = {
			isa = XCBuildConfiguration;
			buildSettings = {
				ALWAYS_SEARCH_USER_PATHS = NO;
				ASSETCATALOG_COMPRESSION = "respect-asset-catalog";
				CLANG_ANALYZER_LOCALIZABILITY_NONLOCALIZED = YES;
				CLANG_ANALYZER_NONNULL = YES;
				CLANG_CXX_LANGUAGE_STANDARD = "gnu++0x";
				CLANG_CXX_LIBRARY = "libc++";
				CLANG_ENABLE_MODULES = YES;
				CLANG_ENABLE_OBJC_ARC = YES;
				CLANG_WARN_BLOCK_CAPTURE_AUTORELEASING = YES;
				CLANG_WARN_BOOL_CONVERSION = YES;
				CLANG_WARN_COMMA = YES;
				CLANG_WARN_CONSTANT_CONVERSION = YES;
				CLANG_WARN_DEPRECATED_OBJC_IMPLEMENTATIONS = YES;
				CLANG_WARN_DIRECT_OBJC_ISA_USAGE = YES_ERROR;
				CLANG_WARN_EMPTY_BODY = YES;
				CLANG_WARN_ENUM_CONVERSION = YES;
				CLANG_WARN_INFINITE_RECURSION = YES;
				CLANG_WARN_INT_CONVERSION = YES;
				CLANG_WARN_NON_LITERAL_NULL_CONVERSION = YES;
				CLANG_WARN_OBJC_IMPLICIT_RETAIN_SELF = YES;
				CLANG_WARN_OBJC_LITERAL_CONVERSION = YES;
				CLANG_WARN_OBJC_ROOT_CLASS = YES_ERROR;
				CLANG_WARN_QUOTED_INCLUDE_IN_FRAMEWORK_HEADER = YES;
				CLANG_WARN_RANGE_LOOP_ANALYSIS = YES;
				CLANG_WARN_STRICT_PROTOTYPES = YES;
				CLANG_WARN_SUSPICIOUS_MOVE = YES;
				CLANG_WARN_UNREACHABLE_CODE = YES;
				CLANG_WARN__DUPLICATE_METHOD_MATCH = YES;
				CODE_SIGN_IDENTITY = "iPhone Developer";
				COPY_PHASE_STRIP = NO;
				DEBUG_INFORMATION_FORMAT = "dwarf-with-dsym";
				ENABLE_NS_ASSERTIONS = NO;
				ENABLE_STRICT_OBJC_MSGSEND = YES;
				ENABLE_USER_SCRIPT_SANDBOXING = NO;
				GCC_C_LANGUAGE_STANDARD = gnu99;
				GCC_NO_COMMON_BLOCKS = YES;
				GCC_WARN_64_TO_32_BIT_CONVERSION = YES;
				GCC_WARN_ABOUT_RETURN_TYPE = YES_ERROR;
				GCC_WARN_UNDECLARED_SELECTOR = YES;
				GCC_WARN_UNINITIALIZED_AUTOS = YES_AGGRESSIVE;
				GCC_WARN_UNUSED_FUNCTION = YES;
				GCC_WARN_UNUSED_VARIABLE = YES;
				IPHONEOS_DEPLOYMENT_TARGET = 15.5;
				MTL_ENABLE_DEBUG_INFO = NO;
				SDKROOT = iphoneos;
				SWIFT_COMPILATION_MODE = wholemodule;
				SWIFT_OPTIMIZATION_LEVEL = "-O";
				TARGETED_DEVICE_FAMILY = "1,2,4";
				VALIDATE_PRODUCT = YES;
			};
			name = Release;
		};
		52AFB3D71CEAD2D800BE33DC /* Debug */ = {
			isa = XCBuildConfiguration;
			buildSettings = {
				ASSETCATALOG_COMPILER_APPICON_NAME = AppIcon;
				ASSETCATALOG_COMPILER_COMPLICATION_NAME = Complication;
				CODE_SIGN_ENTITLEMENTS = "SwingWatch WatchKit Extension.entitlements";
				DEVELOPMENT_TEAM = F6LUT97DH4;
				INFOPLIST_FILE = "MotionTracking WatchKit App/Info.plist";
				LD_RUNPATH_SEARCH_PATHS = " @executable_path/../../Frameworks/";
				PRODUCT_BUNDLE_IDENTIFIER = "com.example.apple-samplecode.SwingWatchWisdom.watchkitapp";
				PRODUCT_NAME = "$(TARGET_NAME)";
				SDKROOT = watchos;
				SKIP_INSTALL = NO;
				SWIFT_VERSION = 5.0;
				TARGETED_DEVICE_FAMILY = 4;
				WATCHOS_DEPLOYMENT_TARGET = 8.1;
			};
			name = Debug;
		};
		52AFB3D81CEAD2D800BE33DC /* Release */ = {
			isa = XCBuildConfiguration;
			buildSettings = {
				ASSETCATALOG_COMPILER_APPICON_NAME = AppIcon;
				ASSETCATALOG_COMPILER_COMPLICATION_NAME = Complication;
				CODE_SIGN_ENTITLEMENTS = "SwingWatch WatchKit Extension.entitlements";
				DEVELOPMENT_TEAM = F6LUT97DH4;
				INFOPLIST_FILE = "MotionTracking WatchKit App/Info.plist";
				LD_RUNPATH_SEARCH_PATHS = " @executable_path/../../Frameworks/";
				PRODUCT_BUNDLE_IDENTIFIER = "com.example.apple-samplecode.SwingWatchWisdom.watchkitapp";
				PRODUCT_NAME = "$(TARGET_NAME)";
				SDKROOT = watchos;
				SKIP_INSTALL = NO;
				SWIFT_VERSION = 5.0;
				TARGETED_DEVICE_FAMILY = 4;
				WATCHOS_DEPLOYMENT_TARGET = 8.1;
			};
			name = Release;
		};
		52AFB3DB1CEAD2D800BE33DC /* Debug */ = {
			isa = XCBuildConfiguration;
			baseConfigurationReference = 183D6F776FC4B392D1AA90A9 /* Pods-SwingWatch.debug.xcconfig */;
			buildSettings = {
				ASSETCATALOG_COMPILER_APPICON_NAME = AppIcon;
				CODE_SIGN_ENTITLEMENTS = MotionTracking/MotionTrackingExtension.entitlements;
				"CODE_SIGN_IDENTITY[sdk=iphoneos*]" = "iPhone Developer";
				DEVELOPMENT_TEAM = F6LUT97DH4;
				INFOPLIST_FILE = "$(SRCROOT)/MotionTracking/Info.plist";
				LD_RUNPATH_SEARCH_PATHS = (
					"$(inherited)",
					"@executable_path/Frameworks",
				);
				PRODUCT_BUNDLE_IDENTIFIER = "com.example.apple-samplecode.SwingWatchWisdom";
				PRODUCT_NAME = "$(TARGET_NAME)";
				SWIFT_VERSION = 5.0;
			};
			name = Debug;
		};
		52AFB3DC1CEAD2D800BE33DC /* Release */ = {
			isa = XCBuildConfiguration;
			baseConfigurationReference = 728C85223819BC0117F16727 /* Pods-SwingWatch.release.xcconfig */;
			buildSettings = {
				ASSETCATALOG_COMPILER_APPICON_NAME = AppIcon;
				CODE_SIGN_ENTITLEMENTS = MotionTracking/MotionTrackingExtension.entitlements;
				"CODE_SIGN_IDENTITY[sdk=iphoneos*]" = "iPhone Developer";
				DEVELOPMENT_TEAM = F6LUT97DH4;
				INFOPLIST_FILE = "$(SRCROOT)/MotionTracking/Info.plist";
				LD_RUNPATH_SEARCH_PATHS = (
					"$(inherited)",
					"@executable_path/Frameworks",
				);
				PRODUCT_BUNDLE_IDENTIFIER = "com.example.apple-samplecode.SwingWatchWisdom";
				PRODUCT_NAME = "$(TARGET_NAME)";
				SWIFT_VERSION = 5.0;
			};
			name = Release;
		};
/* End XCBuildConfiguration section */

/* Begin XCConfigurationList section */
		52AFB38F1CEAD2D800BE33DC /* Build configuration list for PBXProject "MotionTracking" */ = {
			isa = XCConfigurationList;
			buildConfigurations = (
				52AFB3D01CEAD2D800BE33DC /* Debug */,
				52AFB3D11CEAD2D800BE33DC /* Release */,
			);
			defaultConfigurationIsVisible = 0;
			defaultConfigurationName = Release;
		};
		52AFB3D61CEAD2D800BE33DC /* Build configuration list for PBXNativeTarget "SwingWatch WatchKit App" */ = {
			isa = XCConfigurationList;
			buildConfigurations = (
				52AFB3D71CEAD2D800BE33DC /* Debug */,
				52AFB3D81CEAD2D800BE33DC /* Release */,
			);
			defaultConfigurationIsVisible = 0;
			defaultConfigurationName = Release;
		};
		52AFB3DA1CEAD2D800BE33DC /* Build configuration list for PBXNativeTarget "SwingWatch" */ = {
			isa = XCConfigurationList;
			buildConfigurations = (
				52AFB3DB1CEAD2D800BE33DC /* Debug */,
				52AFB3DC1CEAD2D800BE33DC /* Release */,
			);
			defaultConfigurationIsVisible = 0;
			defaultConfigurationName = Release;
		};
/* End XCConfigurationList section */
	};
	rootObject = 52AFB38C1CEAD2D800BE33DC /* Project object */;
}
